
Microsoft Visual Studio Solution File, Format Version 12.00
# Visual Studio Version 17
VisualStudioVersion = 17.0.31903.59
MinimumVisualStudioVersion = 10.0.40219.1
Project("{2150E333-8FDC-42A3-9474-1A3956D46DE8}") = "src", "src", "{827E0CD3-B72D-47B6-A68D-7590B98EB39B}"
EndProject
Project("{FAE04EC0-301F-11D3-BF4B-00C04F79EFBC}") = "Mnemo.Domain", "src\Mnemo.Domain\Mnemo.Domain.csproj", "{58FB2DDD-85D7-41EF-A243-34B28287B67F}"
EndProject
Project("{FAE04EC0-301F-11D3-BF4B-00C04F79EFBC}") = "Mnemo.Application", "src\Mnemo.Application\Mnemo.Application.csproj", "{1B19C5C5-E1DA-4B89-BD07-704A43F8CD85}"
EndProject
Project("{FAE04EC0-301F-11D3-BF4B-00C04F79EFBC}") = "Mnemo.Infrastructure", "src\Mnemo.Infrastructure\Mnemo.Infrastructure.csproj", "{47C10E6C-CD6A-4380-A5FC-D811FF262CDF}"
EndProject
Project("{FAE04EC0-301F-11D3-BF4B-00C04F79EFBC}") = "Mnemo.Extraction", "src\Mnemo.Extraction\Mnemo.Extraction.csproj", "{E2F66316-E2B6-4B34-A21C-2E41A531AAE6}"
EndProject
Project("{FAE04EC0-301F-11D3-BF4B-00C04F79EFBC}") = "Mnemo.Api", "src\Mnemo.Api\Mnemo.Api.csproj", "{A7E30EE3-4B0F-4C8D-886D-A9B1B8E6013B}"
EndProject
Project("{FAE04EC0-301F-11D3-BF4B-00C04F79EFBC}") = "Mnemo.Api.Tests", "tests\Mnemo.Api.Tests\Mnemo.Api.Tests.csproj", "{E7462CD1-39AD-4771-91B1-3EC4CD731819}"
EndProject
Project("{FAE04EC0-301F-11D3-BF4B-00C04F79EFBC}") = "Mnemo.Application.Tests", "tests\Mnemo.Application.Tests\Mnemo.Application.Tests.csproj", "{0246EC0A-D85D-4B38-8C7D-650228C2477C}"
EndProject
Project("{FAE04EC0-301F-11D3-BF4B-00C04F79EFBC}") = "Mnemo.Infrastructure.Tests", "tests\Mnemo.Infrastructure.Tests\Mnemo.Infrastructure.Tests.csproj", "{801E2F0E-00D3-487F-9B11-2916B56D5402}"
EndProject
Project("{FAE04EC0-301F-11D3-BF4B-00C04F79EFBC}") = "Mnemo.Extraction.Tests", "tests\Mnemo.Extraction.Tests\Mnemo.Extraction.Tests.csproj", "{126A6325-53CA-4A5F-ABAF-88F2AFD9EBD7}"
EndProject
Global
	GlobalSection(SolutionConfigurationPlatforms) = preSolution
		Debug|Any CPU = Debug|Any CPU
		Debug|x64 = Debug|x64
		Debug|x86 = Debug|x86
		Release|Any CPU = Release|Any CPU
		Release|x64 = Release|x64
		Release|x86 = Release|x86
	EndGlobalSection
	GlobalSection(ProjectConfigurationPlatforms) = postSolution
		{58FB2DDD-85D7-41EF-A243-34B28287B67F}.Debug|Any CPU.ActiveCfg = Debug|Any CPU
		{58FB2DDD-85D7-41EF-A243-34B28287B67F}.Debug|Any CPU.Build.0 = Debug|Any CPU
		{58FB2DDD-85D7-41EF-A243-34B28287B67F}.Debug|x64.ActiveCfg = Debug|Any CPU
		{58FB2DDD-85D7-41EF-A243-34B28287B67F}.Debug|x64.Build.0 = Debug|Any CPU
		{58FB2DDD-85D7-41EF-A243-34B28287B67F}.Debug|x86.ActiveCfg = Debug|Any CPU
		{58FB2DDD-85D7-41EF-A243-34B28287B67F}.Debug|x86.Build.0 = Debug|Any CPU
		{58FB2DDD-85D7-41EF-A243-34B28287B67F}.Release|Any CPU.ActiveCfg = Release|Any CPU
		{58FB2DDD-85D7-41EF-A243-34B28287B67F}.Release|Any CPU.Build.0 = Release|Any CPU
		{58FB2DDD-85D7-41EF-A243-34B28287B67F}.Release|x64.ActiveCfg = Release|Any CPU
		{58FB2DDD-85D7-41EF-A243-34B28287B67F}.Release|x64.Build.0 = Release|Any CPU
		{58FB2DDD-85D7-41EF-A243-34B28287B67F}.Release|x86.ActiveCfg = Release|Any CPU
		{58FB2DDD-85D7-41EF-A243-34B28287B67F}.Release|x86.Build.0 = Release|Any CPU
		{1B19C5C5-E1DA-4B89-BD07-704A43F8CD85}.Debug|Any CPU.ActiveCfg = Debug|Any CPU
		{1B19C5C5-E1DA-4B89-BD07-704A43F8CD85}.Debug|Any CPU.Build.0 = Debug|Any CPU
		{1B19C5C5-E1DA-4B89-BD07-704A43F8CD85}.Debug|x64.ActiveCfg = Debug|Any CPU
		{1B19C5C5-E1DA-4B89-BD07-704A43F8CD85}.Debug|x64.Build.0 = Debug|Any CPU
		{1B19C5C5-E1DA-4B89-BD07-704A43F8CD85}.Debug|x86.ActiveCfg = Debug|Any CPU
		{1B19C5C5-E1DA-4B89-BD07-704A43F8CD85}.Debug|x86.Build.0 = Debug|Any CPU
		{1B19C5C5-E1DA-4B89-BD07-704A43F8CD85}.Release|Any CPU.ActiveCfg = Release|Any CPU
		{1B19C5C5-E1DA-4B89-BD07-704A43F8CD85}.Release|Any CPU.Build.0 = Release|Any CPU
		{1B19C5C5-E1DA-4B89-BD07-704A43F8CD85}.Release|x64.ActiveCfg = Release|Any CPU
		{1B19C5C5-E1DA-4B89-BD07-704A43F8CD85}.Release|x64.Build.0 = Release|Any CPU
		{1B19C5C5-E1DA-4B89-BD07-704A43F8CD85}.Release|x86.ActiveCfg = Release|Any CPU
		{1B19C5C5-E1DA-4B89-BD07-704A43F8CD85}.Release|x86.Build.0 = Release|Any CPU
		{47C10E6C-CD6A-4380-A5FC-D811FF262CDF}.Debug|Any CPU.ActiveCfg = Debug|Any CPU
		{47C10E6C-CD6A-4380-A5FC-D811FF262CDF}.Debug|Any CPU.Build.0 = Debug|Any CPU
		{47C10E6C-CD6A-4380-A5FC-D811FF262CDF}.Debug|x64.ActiveCfg = Debug|Any CPU
		{47C10E6C-CD6A-4380-A5FC-D811FF262CDF}.Debug|x64.Build.0 = Debug|Any CPU
		{47C10E6C-CD6A-4380-A5FC-D811FF262CDF}.Debug|x86.ActiveCfg = Debug|Any CPU
		{47C10E6C-CD6A-4380-A5FC-D811FF262CDF}.Debug|x86.Build.0 = Debug|Any CPU
		{47C10E6C-CD6A-4380-A5FC-D811FF262CDF}.Release|Any CPU.ActiveCfg = Release|Any CPU
		{47C10E6C-CD6A-4380-A5FC-D811FF262CDF}.Release|Any CPU.Build.0 = Release|Any CPU
		{47C10E6C-CD6A-4380-A5FC-D811FF262CDF}.Release|x64.ActiveCfg = Release|Any CPU
		{47C10E6C-CD6A-4380-A5FC-D811FF262CDF}.Release|x64.Build.0 = Release|Any CPU
		{47C10E6C-CD6A-4380-A5FC-D811FF262CDF}.Release|x86.ActiveCfg = Release|Any CPU
		{47C10E6C-CD6A-4380-A5FC-D811FF262CDF}.Release|x86.Build.0 = Release|Any CPU
		{E2F66316-E2B6-4B34-A21C-2E41A531AAE6}.Debug|Any CPU.ActiveCfg = Debug|Any CPU
		{E2F66316-E2B6-4B34-A21C-2E41A531AAE6}.Debug|Any CPU.Build.0 = Debug|Any CPU
		{E2F66316-E2B6-4B34-A21C-2E41A531AAE6}.Debug|x64.ActiveCfg = Debug|Any CPU
		{E2F66316-E2B6-4B34-A21C-2E41A531AAE6}.Debug|x64.Build.0 = Debug|Any CPU
		{E2F66316-E2B6-4B34-A21C-2E41A531AAE6}.Debug|x86.ActiveCfg = Debug|Any CPU
		{E2F66316-E2B6-4B34-A21C-2E41A531AAE6}.Debug|x86.Build.0 = Debug|Any CPU
		{E2F66316-E2B6-4B34-A21C-2E41A531AAE6}.Release|Any CPU.ActiveCfg = Release|Any CPU
		{E2F66316-E2B6-4B34-A21C-2E41A531AAE6}.Release|Any CPU.Build.0 = Release|Any CPU
		{E2F66316-E2B6-4B34-A21C-2E41A531AAE6}.Release|x64.ActiveCfg = Release|Any CPU
		{E2F66316-E2B6-4B34-A21C-2E41A531AAE6}.Release|x64.Build.0 = Release|Any CPU
		{E2F66316-E2B6-4B34-A21C-2E41A531AAE6}.Release|x86.ActiveCfg = Release|Any CPU
		{E2F66316-E2B6-4B34-A21C-2E41A531AAE6}.Release|x86.Build.0 = Release|Any CPU
		{A7E30EE3-4B0F-4C8D-886D-A9B1B8E6013B}.Debug|Any CPU.ActiveCfg = Debug|Any CPU
		{A7E30EE3-4B0F-4C8D-886D-A9B1B8E6013B}.Debug|Any CPU.Build.0 = Debug|Any CPU
		{A7E30EE3-4B0F-4C8D-886D-A9B1B8E6013B}.Debug|x64.ActiveCfg = Debug|Any CPU
		{A7E30EE3-4B0F-4C8D-886D-A9B1B8E6013B}.Debug|x64.Build.0 = Debug|Any CPU
		{A7E30EE3-4B0F-4C8D-886D-A9B1B8E6013B}.Debug|x86.ActiveCfg = Debug|Any CPU
		{A7E30EE3-4B0F-4C8D-886D-A9B1B8E6013B}.Debug|x86.Build.0 = Debug|Any CPU
		{A7E30EE3-4B0F-4C8D-886D-A9B1B8E6013B}.Release|Any CPU.ActiveCfg = Release|Any CPU
		{A7E30EE3-4B0F-4C8D-886D-A9B1B8E6013B}.Release|Any CPU.Build.0 = Release|Any CPU
		{A7E30EE3-4B0F-4C8D-886D-A9B1B8E6013B}.Release|x64.ActiveCfg = Release|Any CPU
		{A7E30EE3-4B0F-4C8D-886D-A9B1B8E6013B}.Release|x64.Build.0 = Release|Any CPU
		{A7E30EE3-4B0F-4C8D-886D-A9B1B8E6013B}.Release|x86.ActiveCfg = Release|Any CPU
		{A7E30EE3-4B0F-4C8D-886D-A9B1B8E6013B}.Release|x86.Build.0 = Release|Any CPU
		{E7462CD1-39AD-4771-91B1-3EC4CD731819}.Debug|Any CPU.ActiveCfg = Debug|Any CPU
		{E7462CD1-39AD-4771-91B1-3EC4CD731819}.Debug|Any CPU.Build.0 = Debug|Any CPU
		{E7462CD1-39AD-4771-91B1-3EC4CD731819}.Debug|x64.ActiveCfg = Debug|Any CPU
		{E7462CD1-39AD-4771-91B1-3EC4CD731819}.Debug|x64.Build.0 = Debug|Any CPU
		{E7462CD1-39AD-4771-91B1-3EC4CD731819}.Debug|x86.ActiveCfg = Debug|Any CPU
		{E7462CD1-39AD-4771-91B1-3EC4CD731819}.Debug|x86.Build.0 = Debug|Any CPU
		{E7462CD1-39AD-4771-91B1-3EC4CD731819}.Release|Any CPU.ActiveCfg = Release|Any CPU
		{E7462CD1-39AD-4771-91B1-3EC4CD731819}.Release|Any CPU.Build.0 = Release|Any CPU
		{E7462CD1-39AD-4771-91B1-3EC4CD731819}.Release|x64.ActiveCfg = Release|Any CPU
		{E7462CD1-39AD-4771-91B1-3EC4CD731819}.Release|x64.Build.0 = Release|Any CPU
		{E7462CD1-39AD-4771-91B1-3EC4CD731819}.Release|x86.ActiveCfg = Release|Any CPU
		{E7462CD1-39AD-4771-91B1-3EC4CD731819}.Release|x86.Build.0 = Release|Any CPU
		{0246EC0A-D85D-4B38-8C7D-650228C2477C}.Debug|Any CPU.ActiveCfg = Debug|Any CPU
		{0246EC0A-D85D-4B38-8C7D-650228C2477C}.Debug|Any CPU.Build.0 = Debug|Any CPU
		{0246EC0A-D85D-4B38-8C7D-650228C2477C}.Debug|x64.ActiveCfg = Debug|Any CPU
		{0246EC0A-D85D-4B38-8C7D-650228C2477C}.Debug|x64.Build.0 = Debug|Any CPU
		{0246EC0A-D85D-4B38-8C7D-650228C2477C}.Debug|x86.ActiveCfg = Debug|Any CPU
		{0246EC0A-D85D-4B38-8C7D-650228C2477C}.Debug|x86.Build.0 = Debug|Any CPU
		{0246EC0A-D85D-4B38-8C7D-650228C2477C}.Release|Any CPU.ActiveCfg = Release|Any CPU
		{0246EC0A-D85D-4B38-8C7D-650228C2477C}.Release|Any CPU.Build.0 = Release|Any CPU
		{0246EC0A-D85D-4B38-8C7D-650228C2477C}.Release|x64.ActiveCfg = Release|Any CPU
		{0246EC0A-D85D-4B38-8C7D-650228C2477C}.Release|x64.Build.0 = Release|Any CPU
		{0246EC0A-D85D-4B38-8C7D-650228C2477C}.Release|x86.ActiveCfg = Release|Any CPU
		{0246EC0A-D85D-4B38-8C7D-650228C2477C}.Release|x86.Build.0 = Release|Any CPU
		{801E2F0E-00D3-487F-9B11-2916B56D5402}.Debug|Any CPU.ActiveCfg = Debug|Any CPU
		{801E2F0E-00D3-487F-9B11-2916B56D5402}.Debug|Any CPU.Build.0 = Debug|Any CPU
		{801E2F0E-00D3-487F-9B11-2916B56D5402}.Debug|x64.ActiveCfg = Debug|Any CPU
		{801E2F0E-00D3-487F-9B11-2916B56D5402}.Debug|x64.Build.0 = Debug|Any CPU
		{801E2F0E-00D3-487F-9B11-2916B56D5402}.Debug|x86.ActiveCfg = Debug|Any CPU
		{801E2F0E-00D3-487F-9B11-2916B56D5402}.Debug|x86.Build.0 = Debug|Any CPU
		{801E2F0E-00D3-487F-9B11-2916B56D5402}.Release|Any CPU.ActiveCfg = Release|Any CPU
		{801E2F0E-00D3-487F-9B11-2916B56D5402}.Release|Any CPU.Build.0 = Release|Any CPU
		{801E2F0E-00D3-487F-9B11-2916B56D5402}.Release|x64.ActiveCfg = Release|Any CPU
		{801E2F0E-00D3-487F-9B11-2916B56D5402}.Release|x64.Build.0 = Release|Any CPU
		{801E2F0E-00D3-487F-9B11-2916B56D5402}.Release|x86.ActiveCfg = Release|Any CPU
		{801E2F0E-00D3-487F-9B11-2916B56D5402}.Release|x86.Build.0 = Release|Any CPU
		{126A6325-53CA-4A5F-ABAF-88F2AFD9EBD7}.Debug|Any CPU.ActiveCfg = Debug|Any CPU
		{126A6325-53CA-4A5F-ABAF-88F2AFD9EBD7}.Debug|Any CPU.Build.0 = Debug|Any CPU
		{126A6325-53CA-4A5F-ABAF-88F2AFD9EBD7}.Debug|x64.ActiveCfg = Debug|Any CPU
		{126A6325-53CA-4A5F-ABAF-88F2AFD9EBD7}.Debug|x64.Build.0 = Debug|Any CPU
		{126A6325-53CA-4A5F-ABAF-88F2AFD9EBD7}.Debug|x86.ActiveCfg = Debug|Any CPU
		{126A6325-53CA-4A5F-ABAF-88F2AFD9EBD7}.Debug|x86.Build.0 = Debug|Any CPU
		{126A6325-53CA-4A5F-ABAF-88F2AFD9EBD7}.Release|Any CPU.ActiveCfg = Release|Any CPU
		{126A6325-53CA-4A5F-ABAF-88F2AFD9EBD7}.Release|Any CPU.Build.0 = Release|Any CPU
		{126A6325-53CA-4A5F-ABAF-88F2AFD9EBD7}.Release|x64.ActiveCfg = Release|Any CPU
		{126A6325-53CA-4A5F-ABAF-88F2AFD9EBD7}.Release|x64.Build.0 = Release|Any CPU
		{126A6325-53CA-4A5F-ABAF-88F2AFD9EBD7}.Release|x86.ActiveCfg = Release|Any CPU
		{126A6325-53CA-4A5F-ABAF-88F2AFD9EBD7}.Release|x86.Build.0 = Release|Any CPU
	EndGlobalSection
	GlobalSection(SolutionProperties) = preSolution
		HideSolutionNode = FALSE
	EndGlobalSection
	GlobalSection(NestedProjects) = preSolution
		{58FB2DDD-85D7-41EF-A243-34B28287B67F} = {827E0CD3-B72D-47B6-A68D-7590B98EB39B}
		{1B19C5C5-E1DA-4B89-BD07-704A43F8CD85} = {827E0CD3-B72D-47B6-A68D-7590B98EB39B}
		{47C10E6C-CD6A-4380-A5FC-D811FF262CDF} = {827E0CD3-B72D-47B6-A68D-7590B98EB39B}
		{E2F66316-E2B6-4B34-A21C-2E41A531AAE6} = {827E0CD3-B72D-47B6-A68D-7590B98EB39B}
		{A7E30EE3-4B0F-4C8D-886D-A9B1B8E6013B} = {827E0CD3-B72D-47B6-A68D-7590B98EB39B}
		{E7462CD1-39AD-4771-91B1-3EC4CD731819} = {827E0CD3-B72D-47B6-A68D-7590B98EB39B}
		{0246EC0A-D85D-4B38-8C7D-650228C2477C} = {827E0CD3-B72D-47B6-A68D-7590B98EB39B}
		{801E2F0E-00D3-487F-9B11-2916B56D5402} = {827E0CD3-B72D-47B6-A68D-7590B98EB39B}
		{126A6325-53CA-4A5F-ABAF-88F2AFD9EBD7} = {827E0CD3-B72D-47B6-A68D-7590B98EB39B}
	EndGlobalSection
EndGlobal
